
Microsoft Visual Studio Solution File, Format Version 12.00
# Visual Studio Version 17
VisualStudioVersion = 17.7.34031.279
MinimumVisualStudioVersion = 10.0.40219.1
Project("{FAE04EC0-301F-11D3-BF4B-00C04F79EFBC}") = "WindowsFormsApp3", "WindowsFormsApp3\WindowsFormsApp3.csproj", "{0EED53EF-308F-41D1-95F1-430FD3128610}"
EndProject
Global
	GlobalSection(SolutionConfigurationPlatforms) = preSolution
		Debug|Any CPU = Debug|Any CPU
		Release|Any CPU = Release|Any CPU
	EndGlobalSection
	GlobalSection(ProjectConfigurationPlatforms) = postSolution
		{0EED53EF-308F-41D1-95F1-430FD3128610}.Debug|Any CPU.ActiveCfg = Debug|Any CPU
		{0EED53EF-308F-41D1-95F1-430FD3128610}.Debug|Any CPU.Build.0 = Debug|Any CPU
		{0EED53EF-308F-41D1-95F1-430FD3128610}.Release|Any CPU.ActiveCfg = Release|Any CPU
		{0EED53EF-308F-41D1-95F1-430FD3128610}.Release|Any CPU.Build.0 = Release|Any CPU
	EndGlobalSection
	GlobalSection(SolutionProperties) = preSolution
		HideSolutionNode = FALSE
	EndGlobalSection
	GlobalSection(ExtensibilityGlobals) = postSolution
		SolutionGuid = {9148B0EE-A3DC-4A53-A954-451A033E00E5}
	EndGlobalSection
EndGlobal
